
Microsoft Visual Studio Solution File, Format Version 10.00
# Visual Studio 2008
Project("{FAE04EC0-301F-11D3-BF4B-00C04F79EFBC}") = "Dagobah", "Dagobah\Dagobah.csproj", "{34FF4083-8C59-4E9C-99C3-078C61216868}"
EndProject
Global
	GlobalSection(SolutionConfigurationPlatforms) = preSolution
		Debug|Any CPU = Debug|Any CPU
		Release|Any CPU = Release|Any CPU
	EndGlobalSection
	GlobalSection(ProjectConfigurationPlatforms) = postSolution
		{34FF4083-8C59-4E9C-99C3-078C61216868}.Debug|Any CPU.ActiveCfg = Debug|Any CPU
		{34FF4083-8C59-4E9C-99C3-078C61216868}.Debug|Any CPU.Build.0 = Debug|Any CPU
		{34FF4083-8C59-4E9C-99C3-078C61216868}.Release|Any CPU.ActiveCfg = Release|Any CPU
		{34FF4083-8C59-4E9C-99C3-078C61216868}.Release|Any CPU.Build.0 = Release|Any CPU
	EndGlobalSection
	GlobalSection(SolutionProperties) = preSolution
		HideSolutionNode = FALSE
	EndGlobalSection
EndGlobal
